// !$*UTF8*$!
{
	archiveVersion = 1;
	classes = {
	};
	objectVersion = 46;
	objects = {

/* Begin PBXBuildFile section */
		C113C6CE1C5289ED0003A74C /* RxSwift.framework in Frameworks */ = {isa = PBXBuildFile; fileRef = C113C6A71C5289E30003A74C /* RxSwift.framework */; };
		C113C6CF1C5289ED0003A74C /* RxSwift.framework in Embed Frameworks */ = {isa = PBXBuildFile; fileRef = C113C6A71C5289E30003A74C /* RxSwift.framework */; settings = {ATTRIBUTES = (CodeSignOnCopy, RemoveHeadersOnCopy, ); }; };
		C1B88A7D1C511F55003E245B /* AppDelegate.swift in Sources */ = {isa = PBXBuildFile; fileRef = C1B88A7C1C511F55003E245B /* AppDelegate.swift */; };
		C1B88A7F1C511F55003E245B /* TextUpdater.swift in Sources */ = {isa = PBXBuildFile; fileRef = C1B88A7E1C511F55003E245B /* TextUpdater.swift */; };
		C1B88A821C511F55003E245B /* Main.storyboard in Resources */ = {isa = PBXBuildFile; fileRef = C1B88A801C511F55003E245B /* Main.storyboard */; };
		C1B88A841C511F55003E245B /* Assets.xcassets in Resources */ = {isa = PBXBuildFile; fileRef = C1B88A831C511F55003E245B /* Assets.xcassets */; };
		C1B88A871C511F55003E245B /* LaunchScreen.storyboard in Resources */ = {isa = PBXBuildFile; fileRef = C1B88A851C511F55003E245B /* LaunchScreen.storyboard */; };
		C1B88A8F1C512013003E245B /* Presenter.swift in Sources */ = {isa = PBXBuildFile; fileRef = C1B88A8E1C512013003E245B /* Presenter.swift */; };
		C1B88A931C5121C8003E245B /* UIKit+Presenter.swift in Sources */ = {isa = PBXBuildFile; fileRef = C1B88A921C5121C8003E245B /* UIKit+Presenter.swift */; };
/* End PBXBuildFile section */

/* Begin PBXContainerItemProxy section */
		C113C6A61C5289E30003A74C /* PBXContainerItemProxy */ = {
			isa = PBXContainerItemProxy;
			containerPortal = C113C68F1C5289E30003A74C /* Rx.xcodeproj */;
			proxyType = 2;
			remoteGlobalIDString = C8A56AD71AD7424700B4673B;
			remoteInfo = "RxSwift-iOS";
		};
		C113C6A81C5289E30003A74C /* PBXContainerItemProxy */ = {
			isa = PBXContainerItemProxy;
			containerPortal = C113C68F1C5289E30003A74C /* Rx.xcodeproj */;
			proxyType = 2;
			remoteGlobalIDString = C88BB8711B07E5ED0064D411;
			remoteInfo = "RxSwift-OSX";
		};
		C113C6AA1C5289E30003A74C /* PBXContainerItemProxy */ = {
			isa = PBXContainerItemProxy;
			containerPortal = C113C68F1C5289E30003A74C /* Rx.xcodeproj */;
			proxyType = 2;
			remoteGlobalIDString = D2EA280C1BB9B5A200880ED3;
			remoteInfo = "RxSwift-tvOS";
		};
		C113C6AC1C5289E30003A74C /* PBXContainerItemProxy */ = {
			isa = PBXContainerItemProxy;
			containerPortal = C113C68F1C5289E30003A74C /* Rx.xcodeproj */;
			proxyType = 2;
			remoteGlobalIDString = C8F0C0021BBBFB8B001B112F;
			remoteInfo = "RxSwift-watchOS";
		};
		C113C6AE1C5289E30003A74C /* PBXContainerItemProxy */ = {
			isa = PBXContainerItemProxy;
			containerPortal = C113C68F1C5289E30003A74C /* Rx.xcodeproj */;
			proxyType = 2;
			remoteGlobalIDString = C809396D1B8A71760088E94D;
			remoteInfo = "RxCocoa-iOS";
		};
		C113C6B01C5289E30003A74C /* PBXContainerItemProxy */ = {
			isa = PBXContainerItemProxy;
			containerPortal = C113C68F1C5289E30003A74C /* Rx.xcodeproj */;
			proxyType = 2;
			remoteGlobalIDString = C80939E71B8A71840088E94D;
			remoteInfo = "RxCocoa-OSX";
		};
		C113C6B21C5289E30003A74C /* PBXContainerItemProxy */ = {
			isa = PBXContainerItemProxy;
			containerPortal = C113C68F1C5289E30003A74C /* Rx.xcodeproj */;
			proxyType = 2;
			remoteGlobalIDString = D2138C751BB9BE9800339B5C;
			remoteInfo = "RxCocoa-tvOS";
		};
		C113C6B41C5289E30003A74C /* PBXContainerItemProxy */ = {
			isa = PBXContainerItemProxy;
			containerPortal = C113C68F1C5289E30003A74C /* Rx.xcodeproj */;
			proxyType = 2;
			remoteGlobalIDString = C8F0C04B1BBBFBB9001B112F;
			remoteInfo = "RxCocoa-watchOS";
		};
		C113C6B61C5289E30003A74C /* PBXContainerItemProxy */ = {
			isa = PBXContainerItemProxy;
			containerPortal = C113C68F1C5289E30003A74C /* Rx.xcodeproj */;
			proxyType = 2;
			remoteGlobalIDString = C8093BC71B8A71F00088E94D;
			remoteInfo = "RxBlocking-iOS";
		};
		C113C6B81C5289E30003A74C /* PBXContainerItemProxy */ = {
			isa = PBXContainerItemProxy;
			containerPortal = C113C68F1C5289E30003A74C /* Rx.xcodeproj */;
			proxyType = 2;
			remoteGlobalIDString = C8093C451B8A71FC0088E94D;
			remoteInfo = "RxBlocking-OSX";
		};
		C113C6BA1C5289E30003A74C /* PBXContainerItemProxy */ = {
			isa = PBXContainerItemProxy;
			containerPortal = C113C68F1C5289E30003A74C /* Rx.xcodeproj */;
			proxyType = 2;
			remoteGlobalIDString = D2EBEB811BB9B99D003A27DC;
			remoteInfo = "RxBlocking-tvOS";
		};
		C113C6BC1C5289E30003A74C /* PBXContainerItemProxy */ = {
			isa = PBXContainerItemProxy;
			containerPortal = C113C68F1C5289E30003A74C /* Rx.xcodeproj */;
			proxyType = 2;
			remoteGlobalIDString = C8F0C0581BBBFBCE001B112F;
			remoteInfo = "RxBlocking-watchOS";
		};
		C113C6BE1C5289E30003A74C /* PBXContainerItemProxy */ = {
			isa = PBXContainerItemProxy;
			containerPortal = C113C68F1C5289E30003A74C /* Rx.xcodeproj */;
			proxyType = 2;
			remoteGlobalIDString = C88FA50C1C25C44800CCFEA4;
			remoteInfo = "RxTests-iOS";
		};
		C113C6C01C5289E30003A74C /* PBXContainerItemProxy */ = {
			isa = PBXContainerItemProxy;
			containerPortal = C113C68F1C5289E30003A74C /* Rx.xcodeproj */;
			proxyType = 2;
			remoteGlobalIDString = C88FA51D1C25C4B500CCFEA4;
			remoteInfo = "RxTests-OSX";
		};
		C113C6C21C5289E30003A74C /* PBXContainerItemProxy */ = {
			isa = PBXContainerItemProxy;
			containerPortal = C113C68F1C5289E30003A74C /* Rx.xcodeproj */;
			proxyType = 2;
			remoteGlobalIDString = C88FA52E1C25C4C000CCFEA4;
			remoteInfo = "RxTests-tvOS";
		};
		C113C6C41C5289E30003A74C /* PBXContainerItemProxy */ = {
			isa = PBXContainerItemProxy;
			containerPortal = C113C68F1C5289E30003A74C /* Rx.xcodeproj */;
			proxyType = 2;
			remoteGlobalIDString = C88FA53F1C25C4CC00CCFEA4;
			remoteInfo = "RxTests-watchOS";
		};
		C113C6C61C5289E30003A74C /* PBXContainerItemProxy */ = {
			isa = PBXContainerItemProxy;
			containerPortal = C113C68F1C5289E30003A74C /* Rx.xcodeproj */;
			proxyType = 2;
			remoteGlobalIDString = C83508C31C386F6F0027C24C;
			remoteInfo = "AllTests-iOS";
		};
		C113C6C81C5289E30003A74C /* PBXContainerItemProxy */ = {
			isa = PBXContainerItemProxy;
			containerPortal = C113C68F1C5289E30003A74C /* Rx.xcodeproj */;
			proxyType = 2;
			remoteGlobalIDString = C83509841C38740E0027C24C;
			remoteInfo = "AllTests-tvOS";
		};
		C113C6CA1C5289E30003A74C /* PBXContainerItemProxy */ = {
			isa = PBXContainerItemProxy;
			containerPortal = C113C68F1C5289E30003A74C /* Rx.xcodeproj */;
			proxyType = 2;
			remoteGlobalIDString = C83509941C38742C0027C24C;
			remoteInfo = "AllTests-OSX";
		};
		C113C6CC1C5289E30003A74C /* PBXContainerItemProxy */ = {
			isa = PBXContainerItemProxy;
			containerPortal = C113C68F1C5289E30003A74C /* Rx.xcodeproj */;
			proxyType = 2;
			remoteGlobalIDString = C85BA04B1C3878740075D68E;
			remoteInfo = PerformanceTests;
		};
		C113C6D01C5289ED0003A74C /* PBXContainerItemProxy */ = {
			isa = PBXContainerItemProxy;
			containerPortal = C113C68F1C5289E30003A74C /* Rx.xcodeproj */;
			proxyType = 1;
			remoteGlobalIDString = C8A56AD61AD7424700B4673B;
			remoteInfo = "RxSwift-iOS";
		};
/* End PBXContainerItemProxy section */

/* Begin PBXCopyFilesBuildPhase section */
		C113C6461C5269850003A74C /* Embed Frameworks */ = {
			isa = PBXCopyFilesBuildPhase;
			buildActionMask = 2147483647;
			dstPath = "";
			dstSubfolderSpec = 10;
			files = (
				C113C6CF1C5289ED0003A74C /* RxSwift.framework in Embed Frameworks */,
			);
			name = "Embed Frameworks";
			runOnlyForDeploymentPostprocessing = 0;
		};
/* End PBXCopyFilesBuildPhase section */

/* Begin PBXFileReference section */
		C113C68F1C5289E30003A74C /* Rx.xcodeproj */ = {isa = PBXFileReference; lastKnownFileType = "wrapper.pb-project"; name = Rx.xcodeproj; path = Carthage/Checkouts/RxSwift/Rx.xcodeproj; sourceTree = SOURCE_ROOT; };
		C1B88A791C511F55003E245B /* test.app */ = {isa = PBXFileReference; explicitFileType = wrapper.application; includeInIndex = 0; path = test.app; sourceTree = BUILT_PRODUCTS_DIR; };
		C1B88A7C1C511F55003E245B /* AppDelegate.swift */ = {isa = PBXFileReference; lastKnownFileType = sourcecode.swift; path = AppDelegate.swift; sourceTree = "<group>"; };
		C1B88A7E1C511F55003E245B /* TextUpdater.swift */ = {isa = PBXFileReference; lastKnownFileType = sourcecode.swift; path = TextUpdater.swift; sourceTree = "<group>"; };
		C1B88A811C511F55003E245B /* Base */ = {isa = PBXFileReference; lastKnownFileType = file.storyboard; name = Base; path = Base.lproj/Main.storyboard; sourceTree = "<group>"; };
		C1B88A831C511F55003E245B /* Assets.xcassets */ = {isa = PBXFileReference; lastKnownFileType = folder.assetcatalog; path = Assets.xcassets; sourceTree = "<group>"; };
		C1B88A861C511F55003E245B /* Base */ = {isa = PBXFileReference; lastKnownFileType = file.storyboard; name = Base; path = Base.lproj/LaunchScreen.storyboard; sourceTree = "<group>"; };
		C1B88A881C511F55003E245B /* Info.plist */ = {isa = PBXFileReference; lastKnownFileType = text.plist.xml; path = Info.plist; sourceTree = "<group>"; };
		C1B88A8E1C512013003E245B /* Presenter.swift */ = {isa = PBXFileReference; fileEncoding = 4; lastKnownFileType = sourcecode.swift; path = Presenter.swift; sourceTree = "<group>"; };
		C1B88A921C5121C8003E245B /* UIKit+Presenter.swift */ = {isa = PBXFileReference; fileEncoding = 4; lastKnownFileType = sourcecode.swift; path = "UIKit+Presenter.swift"; sourceTree = "<group>"; };
/* End PBXFileReference section */

/* Begin PBXFrameworksBuildPhase section */
		C1B88A761C511F55003E245B /* Frameworks */ = {
			isa = PBXFrameworksBuildPhase;
			buildActionMask = 2147483647;
			files = (
				C113C6CE1C5289ED0003A74C /* RxSwift.framework in Frameworks */,
			);
			runOnlyForDeploymentPostprocessing = 0;
		};
/* End PBXFrameworksBuildPhase section */

/* Begin PBXGroup section */
		C113C6901C5289E30003A74C /* Products */ = {
			isa = PBXGroup;
			children = (
				C113C6A71C5289E30003A74C /* RxSwift.framework */,
				C113C6A91C5289E30003A74C /* RxSwift.framework */,
				C113C6AB1C5289E30003A74C /* RxSwift.framework */,
				C113C6AD1C5289E30003A74C /* RxSwift.framework */,
				C113C6AF1C5289E30003A74C /* RxCocoa.framework */,
				C113C6B11C5289E30003A74C /* RxCocoa.framework */,
				C113C6B31C5289E30003A74C /* RxCocoa.framework */,
				C113C6B51C5289E30003A74C /* RxCocoa.framework */,
				C113C6B71C5289E30003A74C /* RxBlocking.framework */,
				C113C6B91C5289E30003A74C /* RxBlocking.framework */,
				C113C6BB1C5289E30003A74C /* RxBlocking.framework */,
				C113C6BD1C5289E30003A74C /* RxBlocking.framework */,
				C113C6BF1C5289E30003A74C /* RxTests.framework */,
				C113C6C11C5289E30003A74C /* RxTests.framework */,
				C113C6C31C5289E30003A74C /* RxTests.framework */,
				C113C6C51C5289E30003A74C /* RxTests.framework */,
				C113C6C71C5289E30003A74C /* AllTests-iOS.xctest */,
				C113C6C91C5289E30003A74C /* AllTests-tvOS.xctest */,
				C113C6CB1C5289E30003A74C /* AllTests-OSX.xctest */,
				C113C6CD1C5289E30003A74C /* PerformanceTests.app */,
			);
			name = Products;
			sourceTree = "<group>";
		};
		C1B88A701C511F55003E245B = {
			isa = PBXGroup;
			children = (
				C1B88A7B1C511F55003E245B /* test */,
				C1B88A7A1C511F55003E245B /* Products */,
			);
			sourceTree = "<group>";
		};
		C1B88A7A1C511F55003E245B /* Products */ = {
			isa = PBXGroup;
			children = (
				C1B88A791C511F55003E245B /* test.app */,
			);
			name = Products;
			sourceTree = "<group>";
		};
		C1B88A7B1C511F55003E245B /* test */ = {
			isa = PBXGroup;
			children = (
				C113C68F1C5289E30003A74C /* Rx.xcodeproj */,
				C1B88A7C1C511F55003E245B /* AppDelegate.swift */,
				C1B88A7E1C511F55003E245B /* TextUpdater.swift */,
				C1B88A801C511F55003E245B /* Main.storyboard */,
				C1B88A831C511F55003E245B /* Assets.xcassets */,
				C1B88A851C511F55003E245B /* LaunchScreen.storyboard */,
				C1B88A881C511F55003E245B /* Info.plist */,
				C1B88A8E1C512013003E245B /* Presenter.swift */,
				C1B88A921C5121C8003E245B /* UIKit+Presenter.swift */,
			);
			path = test;
			sourceTree = "<group>";
		};
/* End PBXGroup section */

/* Begin PBXNativeTarget section */
		C1B88A781C511F55003E245B /* test */ = {
			isa = PBXNativeTarget;
			buildConfigurationList = C1B88A8B1C511F55003E245B /* Build configuration list for PBXNativeTarget "test" */;
			buildPhases = (
				C1B88A751C511F55003E245B /* Sources */,
				C1B88A761C511F55003E245B /* Frameworks */,
				C1B88A771C511F55003E245B /* Resources */,
				C113C6461C5269850003A74C /* Embed Frameworks */,
			);
			buildRules = (
			);
			dependencies = (
				C113C6D11C5289ED0003A74C /* PBXTargetDependency */,
			);
			name = test;
			productName = test;
			productReference = C1B88A791C511F55003E245B /* test.app */;
			productType = "com.apple.product-type.application";
		};
/* End PBXNativeTarget section */

/* Begin PBXProject section */
		C1B88A711C511F55003E245B /* Project object */ = {
			isa = PBXProject;
			attributes = {
				LastSwiftUpdateCheck = 0720;
				LastUpgradeCheck = 0720;
				ORGANIZATIONNAME = "Silicon Valley Insight";
				TargetAttributes = {
					C1B88A781C511F55003E245B = {
						CreatedOnToolsVersion = 7.2;
					};
				};
			};
			buildConfigurationList = C1B88A741C511F55003E245B /* Build configuration list for PBXProject "test" */;
			compatibilityVersion = "Xcode 3.2";
			developmentRegion = English;
			hasScannedForEncodings = 0;
			knownRegions = (
				en,
				Base,
			);
			mainGroup = C1B88A701C511F55003E245B;
			productRefGroup = C1B88A7A1C511F55003E245B /* Products */;
			projectDirPath = "";
			projectReferences = (
				{
					ProductGroup = C113C6901C5289E30003A74C /* Products */;
					ProjectRef = C113C68F1C5289E30003A74C /* Rx.xcodeproj */;
				},
			);
			projectRoot = "";
			targets = (
				C1B88A781C511F55003E245B /* test */,
			);
		};
/* End PBXProject section */

/* Begin PBXReferenceProxy section */
		C113C6A71C5289E30003A74C /* RxSwift.framework */ = {
			isa = PBXReferenceProxy;
			fileType = wrapper.framework;
			path = RxSwift.framework;
			remoteRef = C113C6A61C5289E30003A74C /* PBXContainerItemProxy */;
			sourceTree = BUILT_PRODUCTS_DIR;
		};
		C113C6A91C5289E30003A74C /* RxSwift.framework */ = {
			isa = PBXReferenceProxy;
			fileType = wrapper.framework;
			path = RxSwift.framework;
			remoteRef = C113C6A81C5289E30003A74C /* PBXContainerItemProxy */;
			sourceTree = BUILT_PRODUCTS_DIR;
		};
		C113C6AB1C5289E30003A74C /* RxSwift.framework */ = {
			isa = PBXReferenceProxy;
			fileType = wrapper.framework;
			path = RxSwift.framework;
			remoteRef = C113C6AA1C5289E30003A74C /* PBXContainerItemProxy */;
			sourceTree = BUILT_PRODUCTS_DIR;
		};
		C113C6AD1C5289E30003A74C /* RxSwift.framework */ = {
			isa = PBXReferenceProxy;
			fileType = wrapper.framework;
			path = RxSwift.framework;
			remoteRef = C113C6AC1C5289E30003A74C /* PBXContainerItemProxy */;
			sourceTree = BUILT_PRODUCTS_DIR;
		};
		C113C6AF1C5289E30003A74C /* RxCocoa.framework */ = {
			isa = PBXReferenceProxy;
			fileType = wrapper.framework;
			path = RxCocoa.framework;
			remoteRef = C113C6AE1C5289E30003A74C /* PBXContainerItemProxy */;
			sourceTree = BUILT_PRODUCTS_DIR;
		};
		C113C6B11C5289E30003A74C /* RxCocoa.framework */ = {
			isa = PBXReferenceProxy;
			fileType = wrapper.framework;
			path = RxCocoa.framework;
			remoteRef = C113C6B01C5289E30003A74C /* PBXContainerItemProxy */;
			sourceTree = BUILT_PRODUCTS_DIR;
		};
		C113C6B31C5289E30003A74C /* RxCocoa.framework */ = {
			isa = PBXReferenceProxy;
			fileType = wrapper.framework;
			path = RxCocoa.framework;
			remoteRef = C113C6B21C5289E30003A74C /* PBXContainerItemProxy */;
			sourceTree = BUILT_PRODUCTS_DIR;
		};
		C113C6B51C5289E30003A74C /* RxCocoa.framework */ = {
			isa = PBXReferenceProxy;
			fileType = wrapper.framework;
			path = RxCocoa.framework;
			remoteRef = C113C6B41C5289E30003A74C /* PBXContainerItemProxy */;
			sourceTree = BUILT_PRODUCTS_DIR;
		};
		C113C6B71C5289E30003A74C /* RxBlocking.framework */ = {
			isa = PBXReferenceProxy;
			fileType = wrapper.framework;
			path = RxBlocking.framework;
			remoteRef = C113C6B61C5289E30003A74C /* PBXContainerItemProxy */;
			sourceTree = BUILT_PRODUCTS_DIR;
		};
		C113C6B91C5289E30003A74C /* RxBlocking.framework */ = {
			isa = PBXReferenceProxy;
			fileType = wrapper.framework;
			path = RxBlocking.framework;
			remoteRef = C113C6B81C5289E30003A74C /* PBXContainerItemProxy */;
			sourceTree = BUILT_PRODUCTS_DIR;
		};
		C113C6BB1C5289E30003A74C /* RxBlocking.framework */ = {
			isa = PBXReferenceProxy;
			fileType = wrapper.framework;
			path = RxBlocking.framework;
			remoteRef = C113C6BA1C5289E30003A74C /* PBXContainerItemProxy */;
			sourceTree = BUILT_PRODUCTS_DIR;
		};
		C113C6BD1C5289E30003A74C /* RxBlocking.framework */ = {
			isa = PBXReferenceProxy;
			fileType = wrapper.framework;
			path = RxBlocking.framework;
			remoteRef = C113C6BC1C5289E30003A74C /* PBXContainerItemProxy */;
			sourceTree = BUILT_PRODUCTS_DIR;
		};
		C113C6BF1C5289E30003A74C /* RxTests.framework */ = {
			isa = PBXReferenceProxy;
			fileType = wrapper.framework;
			path = RxTests.framework;
			remoteRef = C113C6BE1C5289E30003A74C /* PBXContainerItemProxy */;
			sourceTree = BUILT_PRODUCTS_DIR;
		};
		C113C6C11C5289E30003A74C /* RxTests.framework */ = {
			isa = PBXReferenceProxy;
			fileType = wrapper.framework;
			path = RxTests.framework;
			remoteRef = C113C6C01C5289E30003A74C /* PBXContainerItemProxy */;
			sourceTree = BUILT_PRODUCTS_DIR;
		};
		C113C6C31C5289E30003A74C /* RxTests.framework */ = {
			isa = PBXReferenceProxy;
			fileType = wrapper.framework;
			path = RxTests.framework;
			remoteRef = C113C6C21C5289E30003A74C /* PBXContainerItemProxy */;
			sourceTree = BUILT_PRODUCTS_DIR;
		};
		C113C6C51C5289E30003A74C /* RxTests.framework */ = {
			isa = PBXReferenceProxy;
			fileType = wrapper.framework;
			path = RxTests.framework;
			remoteRef = C113C6C41C5289E30003A74C /* PBXContainerItemProxy */;
			sourceTree = BUILT_PRODUCTS_DIR;
		};
		C113C6C71C5289E30003A74C /* AllTests-iOS.xctest */ = {
			isa = PBXReferenceProxy;
			fileType = wrapper.cfbundle;
			path = "AllTests-iOS.xctest";
			remoteRef = C113C6C61C5289E30003A74C /* PBXContainerItemProxy */;
			sourceTree = BUILT_PRODUCTS_DIR;
		};
		C113C6C91C5289E30003A74C /* AllTests-tvOS.xctest */ = {
			isa = PBXReferenceProxy;
			fileType = wrapper.cfbundle;
			path = "AllTests-tvOS.xctest";
			remoteRef = C113C6C81C5289E30003A74C /* PBXContainerItemProxy */;
			sourceTree = BUILT_PRODUCTS_DIR;
		};
		C113C6CB1C5289E30003A74C /* AllTests-OSX.xctest */ = {
			isa = PBXReferenceProxy;
			fileType = wrapper.cfbundle;
			path = "AllTests-OSX.xctest";
			remoteRef = C113C6CA1C5289E30003A74C /* PBXContainerItemProxy */;
			sourceTree = BUILT_PRODUCTS_DIR;
		};
		C113C6CD1C5289E30003A74C /* PerformanceTests.app */ = {
			isa = PBXReferenceProxy;
			fileType = wrapper.application;
			path = PerformanceTests.app;
			remoteRef = C113C6CC1C5289E30003A74C /* PBXContainerItemProxy */;
			sourceTree = BUILT_PRODUCTS_DIR;
		};
/* End PBXReferenceProxy section */

/* Begin PBXResourcesBuildPhase section */
		C1B88A771C511F55003E245B /* Resources */ = {
			isa = PBXResourcesBuildPhase;
			buildActionMask = 2147483647;
			files = (
				C1B88A871C511F55003E245B /* LaunchScreen.storyboard in Resources */,
				C1B88A841C511F55003E245B /* Assets.xcassets in Resources */,
				C1B88A821C511F55003E245B /* Main.storyboard in Resources */,
			);
			runOnlyForDeploymentPostprocessing = 0;
		};
/* End PBXResourcesBuildPhase section */

/* Begin PBXSourcesBuildPhase section */
		C1B88A751C511F55003E245B /* Sources */ = {
			isa = PBXSourcesBuildPhase;
			buildActionMask = 2147483647;
			files = (
				C1B88A8F1C512013003E245B /* Presenter.swift in Sources */,
				C1B88A7F1C511F55003E245B /* TextUpdater.swift in Sources */,
				C1B88A7D1C511F55003E245B /* AppDelegate.swift in Sources */,
				C1B88A931C5121C8003E245B /* UIKit+Presenter.swift in Sources */,
			);
			runOnlyForDeploymentPostprocessing = 0;
		};
/* End PBXSourcesBuildPhase section */

/* Begin PBXTargetDependency section */
		C113C6D11C5289ED0003A74C /* PBXTargetDependency */ = {
			isa = PBXTargetDependency;
			name = "RxSwift-iOS";
			targetProxy = C113C6D01C5289ED0003A74C /* PBXContainerItemProxy */;
		};
/* End PBXTargetDependency section */

/* Begin PBXVariantGroup section */
		C1B88A801C511F55003E245B /* Main.storyboard */ = {
			isa = PBXVariantGroup;
			children = (
				C1B88A811C511F55003E245B /* Base */,
			);
			name = Main.storyboard;
			sourceTree = "<group>";
		};
		C1B88A851C511F55003E245B /* LaunchScreen.storyboard */ = {
			isa = PBXVariantGroup;
			children = (
				C1B88A861C511F55003E245B /* Base */,
			);
			name = LaunchScreen.storyboard;
			sourceTree = "<group>";
		};
/* End PBXVariantGroup section */

/* Begin XCBuildConfiguration section */
		C1B88A891C511F55003E245B /* Debug */ = {
			isa = XCBuildConfiguration;
			buildSettings = {
				ALWAYS_SEARCH_USER_PATHS = NO;
				CLANG_CXX_LANGUAGE_STANDARD = "gnu++0x";
				CLANG_CXX_LIBRARY = "libc++";
				CLANG_ENABLE_MODULES = YES;
				CLANG_ENABLE_OBJC_ARC = YES;
				CLANG_WARN_BOOL_CONVERSION = YES;
				CLANG_WARN_CONSTANT_CONVERSION = YES;
				CLANG_WARN_DIRECT_OBJC_ISA_USAGE = YES_ERROR;
				CLANG_WARN_EMPTY_BODY = YES;
				CLANG_WARN_ENUM_CONVERSION = YES;
				CLANG_WARN_INT_CONVERSION = YES;
				CLANG_WARN_OBJC_ROOT_CLASS = YES_ERROR;
				CLANG_WARN_UNREACHABLE_CODE = YES;
				CLANG_WARN__DUPLICATE_METHOD_MATCH = YES;
				"CODE_SIGN_IDENTITY[sdk=iphoneos*]" = "iPhone Developer";
				COPY_PHASE_STRIP = NO;
				DEBUG_INFORMATION_FORMAT = dwarf;
				ENABLE_STRICT_OBJC_MSGSEND = YES;
				ENABLE_TESTABILITY = YES;
				GCC_C_LANGUAGE_STANDARD = gnu99;
				GCC_DYNAMIC_NO_PIC = NO;
				GCC_NO_COMMON_BLOCKS = YES;
				GCC_OPTIMIZATION_LEVEL = 0;
				GCC_PREPROCESSOR_DEFINITIONS = (
					"DEBUG=1",
					"$(inherited)",
				);
				GCC_WARN_64_TO_32_BIT_CONVERSION = YES;
				GCC_WARN_ABOUT_RETURN_TYPE = YES_ERROR;
				GCC_WARN_UNDECLARED_SELECTOR = YES;
				GCC_WARN_UNINITIALIZED_AUTOS = YES_AGGRESSIVE;
				GCC_WARN_UNUSED_FUNCTION = YES;
				GCC_WARN_UNUSED_VARIABLE = YES;
				IPHONEOS_DEPLOYMENT_TARGET = 9.2;
				MTL_ENABLE_DEBUG_INFO = YES;
				ONLY_ACTIVE_ARCH = YES;
				SDKROOT = iphoneos;
				SWIFT_OPTIMIZATION_LEVEL = "-Onone";
			};
			name = Debug;
		};
		C1B88A8A1C511F55003E245B /* Release */ = {
			isa = XCBuildConfiguration;
			buildSettings = {
				ALWAYS_SEARCH_USER_PATHS = NO;
				CLANG_CXX_LANGUAGE_STANDARD = "gnu++0x";
				CLANG_CXX_LIBRARY = "libc++";
				CLANG_ENABLE_MODULES = YES;
				CLANG_ENABLE_OBJC_ARC = YES;
				CLANG_WARN_BOOL_CONVERSION = YES;
				CLANG_WARN_CONSTANT_CONVERSION = YES;
				CLANG_WARN_DIRECT_OBJC_ISA_USAGE = YES_ERROR;
				CLANG_WARN_EMPTY_BODY = YES;
				CLANG_WARN_ENUM_CONVERSION = YES;
				CLANG_WARN_INT_CONVERSION = YES;
				CLANG_WARN_OBJC_ROOT_CLASS = YES_ERROR;
				CLANG_WARN_UNREACHABLE_CODE = YES;
				CLANG_WARN__DUPLICATE_METHOD_MATCH = YES;
				"CODE_SIGN_IDENTITY[sdk=iphoneos*]" = "iPhone Developer";
				COPY_PHASE_STRIP = NO;
				DEBUG_INFORMATION_FORMAT = "dwarf-with-dsym";
				ENABLE_NS_ASSERTIONS = NO;
				ENABLE_STRICT_OBJC_MSGSEND = YES;
				GCC_C_LANGUAGE_STANDARD = gnu99;
				GCC_NO_COMMON_BLOCKS = YES;
				GCC_WARN_64_TO_32_BIT_CONVERSION = YES;
				GCC_WARN_ABOUT_RETURN_TYPE = YES_ERROR;
				GCC_WARN_UNDECLARED_SELECTOR = YES;
				GCC_WARN_UNINITIALIZED_AUTOS = YES_AGGRESSIVE;
				GCC_WARN_UNUSED_FUNCTION = YES;
				GCC_WARN_UNUSED_VARIABLE = YES;
				IPHONEOS_DEPLOYMENT_TARGET = 9.2;
				MTL_ENABLE_DEBUG_INFO = NO;
				SDKROOT = iphoneos;
				VALIDATE_PRODUCT = YES;
			};
			name = Release;
		};
		C1B88A8C1C511F55003E245B /* Debug */ = {
			isa = XCBuildConfiguration;
			buildSettings = {
				ASSETCATALOG_COMPILER_APPICON_NAME = AppIcon;
				EMBEDDED_CONTENT_CONTAINS_SWIFT = YES;
				INFOPLIST_FILE = test/Info.plist;
				LD_RUNPATH_SEARCH_PATHS = "$(inherited) @executable_path/Frameworks";
				PRODUCT_BUNDLE_IDENTIFIER = com.pewpew;
				PRODUCT_NAME = "$(TARGET_NAME)";
			};
			name = Debug;
		};
		C1B88A8D1C511F55003E245B /* Release */ = {
			isa = XCBuildConfiguration;
			buildSettings = {
				ASSETCATALOG_COMPILER_APPICON_NAME = AppIcon;
				EMBEDDED_CONTENT_CONTAINS_SWIFT = YES;
				INFOPLIST_FILE = test/Info.plist;
				LD_RUNPATH_SEARCH_PATHS = "$(inherited) @executable_path/Frameworks";
				PRODUCT_BUNDLE_IDENTIFIER = com.pewpew;
				PRODUCT_NAME = "$(TARGET_NAME)";
			};
			name = Release;
		};
/* End XCBuildConfiguration section */

/* Begin XCConfigurationList section */
		C1B88A741C511F55003E245B /* Build configuration list for PBXProject "test" */ = {
			isa = XCConfigurationList;
			buildConfigurations = (
				C1B88A891C511F55003E245B /* Debug */,
				C1B88A8A1C511F55003E245B /* Release */,
			);
			defaultConfigurationIsVisible = 0;
			defaultConfigurationName = Release;
		};
		C1B88A8B1C511F55003E245B /* Build configuration list for PBXNativeTarget "test" */ = {
			isa = XCConfigurationList;
			buildConfigurations = (
				C1B88A8C1C511F55003E245B /* Debug */,
				C1B88A8D1C511F55003E245B /* Release */,
			);
			defaultConfigurationIsVisible = 0;
			defaultConfigurationName = Release;
		};
/* End XCConfigurationList section */
	};
	rootObject = C1B88A711C511F55003E245B /* Project object */;
}
